
Microsoft Visual Studio Solution File, Format Version 11.00
# Visual Studio 2010
Project("{FAE04EC0-301F-11D3-BF4B-00C04F79EFBC}") = "EntLibExtensions", "EntLibExtensions\EntLibExtensions.csproj", "{40CDD12D-40EE-4995-9E5F-CDAADA94995B}"
EndProject
Project("{FAE04EC0-301F-11D3-BF4B-00C04F79EFBC}") = "EntLibExtensionsTest", "EntLibExtensionsTest\EntLibExtensionsTest.csproj", "{59EC9FB6-4168-44B8-968A-9933C8FACA57}"
EndProject
Project("{FAE04EC0-301F-11D3-BF4B-00C04F79EFBC}") = "EntLibSPLogging", "EntLibSPLogging\EntLibSPLogging.csproj", "{086EF642-E660-4310-A994-F295D96C9E5D}"
EndProject
Global
	GlobalSection(TeamFoundationVersionControl) = preSolution
		SccNumberOfProjects = 4
		SccEnterpriseProvider = {4CA58AB2-18FA-4F8D-95D4-32DDF27D184C}
		SccTeamFoundationServer = https://tfs.codeplex.com/tfs/tfs04
		SccLocalPath0 = .
		SccProjectUniqueName1 = EntLibExtensions\\EntLibExtensions.csproj
		SccProjectName1 = EntLibExtensions
		SccLocalPath1 = EntLibExtensions
		SccProjectUniqueName2 = EntLibExtensionsTest\\EntLibExtensionsTest.csproj
		SccProjectName2 = EntLibExtensionsTest
		SccLocalPath2 = EntLibExtensionsTest
		SccProjectUniqueName3 = EntLibSPLogging\\EntLibSPLogging.csproj
		SccProjectName3 = EntLibSPLogging
		SccLocalPath3 = EntLibSPLogging
	EndGlobalSection
	GlobalSection(SolutionConfigurationPlatforms) = preSolution
		Debug|Any CPU = Debug|Any CPU
		Debug|Mixed Platforms = Debug|Mixed Platforms
		Debug|x86 = Debug|x86
		Release|Any CPU = Release|Any CPU
		Release|Mixed Platforms = Release|Mixed Platforms
		Release|x86 = Release|x86
	EndGlobalSection
	GlobalSection(ProjectConfigurationPlatforms) = postSolution
		{40CDD12D-40EE-4995-9E5F-CDAADA94995B}.Debug|Any CPU.ActiveCfg = Debug|Any CPU
		{40CDD12D-40EE-4995-9E5F-CDAADA94995B}.Debug|Any CPU.Build.0 = Debug|Any CPU
		{40CDD12D-40EE-4995-9E5F-CDAADA94995B}.Debug|Mixed Platforms.ActiveCfg = Debug|Any CPU
		{40CDD12D-40EE-4995-9E5F-CDAADA94995B}.Debug|Mixed Platforms.Build.0 = Debug|Any CPU
		{40CDD12D-40EE-4995-9E5F-CDAADA94995B}.Debug|x86.ActiveCfg = Debug|Any CPU
		{40CDD12D-40EE-4995-9E5F-CDAADA94995B}.Release|Any CPU.ActiveCfg = Release|Any CPU
		{40CDD12D-40EE-4995-9E5F-CDAADA94995B}.Release|Any CPU.Build.0 = Release|Any CPU
		{40CDD12D-40EE-4995-9E5F-CDAADA94995B}.Release|Mixed Platforms.ActiveCfg = Release|Any CPU
		{40CDD12D-40EE-4995-9E5F-CDAADA94995B}.Release|Mixed Platforms.Build.0 = Release|Any CPU
		{40CDD12D-40EE-4995-9E5F-CDAADA94995B}.Release|x86.ActiveCfg = Release|Any CPU
		{59EC9FB6-4168-44B8-968A-9933C8FACA57}.Debug|Any CPU.ActiveCfg = Debug|x86
		{59EC9FB6-4168-44B8-968A-9933C8FACA57}.Debug|Mixed Platforms.ActiveCfg = Debug|x86
		{59EC9FB6-4168-44B8-968A-9933C8FACA57}.Debug|Mixed Platforms.Build.0 = Debug|x86
		{59EC9FB6-4168-44B8-968A-9933C8FACA57}.Debug|x86.ActiveCfg = Debug|x86
		{59EC9FB6-4168-44B8-968A-9933C8FACA57}.Debug|x86.Build.0 = Debug|x86
		{59EC9FB6-4168-44B8-968A-9933C8FACA57}.Release|Any CPU.ActiveCfg = Release|x86
		{59EC9FB6-4168-44B8-968A-9933C8FACA57}.Release|Mixed Platforms.ActiveCfg = Release|x86
		{59EC9FB6-4168-44B8-968A-9933C8FACA57}.Release|Mixed Platforms.Build.0 = Release|x86
		{59EC9FB6-4168-44B8-968A-9933C8FACA57}.Release|x86.ActiveCfg = Release|x86
		{59EC9FB6-4168-44B8-968A-9933C8FACA57}.Release|x86.Build.0 = Release|x86
		{086EF642-E660-4310-A994-F295D96C9E5D}.Debug|Any CPU.ActiveCfg = Debug|Any CPU
		{086EF642-E660-4310-A994-F295D96C9E5D}.Debug|Any CPU.Build.0 = Debug|Any CPU
		{086EF642-E660-4310-A994-F295D96C9E5D}.Debug|Any CPU.Deploy.0 = Debug|Any CPU
		{086EF642-E660-4310-A994-F295D96C9E5D}.Debug|Mixed Platforms.ActiveCfg = Debug|Any CPU
		{086EF642-E660-4310-A994-F295D96C9E5D}.Debug|x86.ActiveCfg = Debug|Any CPU
		{086EF642-E660-4310-A994-F295D96C9E5D}.Release|Any CPU.ActiveCfg = Release|Any CPU
		{086EF642-E660-4310-A994-F295D96C9E5D}.Release|Any CPU.Build.0 = Release|Any CPU
		{086EF642-E660-4310-A994-F295D96C9E5D}.Release|Any CPU.Deploy.0 = Release|Any CPU
		{086EF642-E660-4310-A994-F295D96C9E5D}.Release|Mixed Platforms.ActiveCfg = Release|Any CPU
		{086EF642-E660-4310-A994-F295D96C9E5D}.Release|Mixed Platforms.Build.0 = Release|Any CPU
		{086EF642-E660-4310-A994-F295D96C9E5D}.Release|Mixed Platforms.Deploy.0 = Release|Any CPU
		{086EF642-E660-4310-A994-F295D96C9E5D}.Release|x86.ActiveCfg = Release|Any CPU
	EndGlobalSection
	GlobalSection(SolutionProperties) = preSolution
		HideSolutionNode = FALSE
	EndGlobalSection
EndGlobal
